
Microsoft Visual Studio Solution File, Format Version 12.00
# Visual Studio Version 17
VisualStudioVersion = 17.10.34928.147
MinimumVisualStudioVersion = 10.0.40219.1
Project("{FAE04EC0-301F-11D3-BF4B-00C04F79EFBC}") = "MetodaGauss", "MetodaGauss.csproj", "{04263E62-6A64-4D49-8521-5FC0D17D657F}"
EndProject
Global
	GlobalSection(SolutionConfigurationPlatforms) = preSolution
		Debug|Any CPU = Debug|Any CPU
		Release|Any CPU = Release|Any CPU
	EndGlobalSection
	GlobalSection(ProjectConfigurationPlatforms) = postSolution
		{04263E62-6A64-4D49-8521-5FC0D17D657F}.Debug|Any CPU.ActiveCfg = Debug|Any CPU
		{04263E62-6A64-4D49-8521-5FC0D17D657F}.Debug|Any CPU.Build.0 = Debug|Any CPU
		{04263E62-6A64-4D49-8521-5FC0D17D657F}.Release|Any CPU.ActiveCfg = Release|Any CPU
		{04263E62-6A64-4D49-8521-5FC0D17D657F}.Release|Any CPU.Build.0 = Release|Any CPU
	EndGlobalSection
	GlobalSection(SolutionProperties) = preSolution
		HideSolutionNode = FALSE
	EndGlobalSection
	GlobalSection(ExtensibilityGlobals) = postSolution
		SolutionGuid = {E595A64B-B9FE-436E-A1DB-3F2CFE788592}
	EndGlobalSection
EndGlobal
